<?xml version="1.0" encoding="utf-8"?>
<Project ToolsVersion="4.0" xmlns="http://schemas.microsoft.com/developer/msbuild/2003">
  <ItemGroup>
    <Filter Include="网络层">
      <UniqueIdentifier>{2f44c9fc-96f4-4213-96c1-e7bc555b5bb7}</UniqueIdentifier>
    </Filter>
    <Filter Include="应用层">
      <UniqueIdentifier>{cdc6f1e2-24cb-4475-8a98-93c225634fab}</UniqueIdentifier>
    </Filter>
  </ItemGroup>
  <ItemGroup>
    <ClCompile Include="..\src\UdpSocket.cpp">
      <Filter>网络层</Filter>
    </ClCompile>
    <ClCompile Include="..\src\UdpClient.cpp">
      <Filter>应用层</Filter>
    </ClCompile>
    <ClCompile Include="..\src\UdpManage.cpp">
      <Filter>应用层</Filter>
    </ClCompile>
  </ItemGroup>
  <ItemGroup>
    <ClInclude Include="..\include\UdpSocket.h">
      <Filter>网络层</Filter>
    </ClInclude>
    <ClInclude Include="..\include\UdpClient.h">
      <Filter>应用层</Filter>
    </ClInclude>
    <ClInclude Include="..\include\UdpManage.h">
      <Filter>应用层</Filter>
    </ClInclude>
  </ItemGroup>
</Project>