Microsoft Visual Studio Solution File, Format Version 12.00
# Visual Studio 2013
VisualStudioVersion = 12.0.40629.0
MinimumVisualStudioVersion = 10.0.40219.1
Project("{8BC9CEB8-8B4A-11D0-8D11-00A0C91BC942}") = "AccountServer", "Server\accountserver\Proj\AccountServer.vcxproj", "{A2C79674-2511-4784-B82C-D75DE84C7FFE}"
	ProjectSection(ProjectDependencies) = postProject
		{8C999608-91A8-4A85-BCD8-975B65EEC5F4} = {8C999608-91A8-4A85-BCD8-975B65EEC5F4}
		{C9B950BB-F1B8-4274-B077-E07B16A16F1B} = {C9B950BB-F1B8-4274-B077-E07B16A16F1B}
		{3A1C94CD-CCBA-4F62-9AF1-919B10C582E3} = {3A1C94CD-CCBA-4F62-9AF1-919B10C582E3}
	EndProjectSection
EndProject
Project("{8BC9CEB8-8B4A-11D0-8D11-00A0C91BC942}") = "GameServer", "Server\gameserver\Proj\GameServer.vcxproj", "{525C57F1-D1F3-4AD2-B31D-F63CEEBA8BA6}"
	ProjectSection(ProjectDependencies) = postProject
		{8C999608-91A8-4A85-BCD8-975B65EEC5F4} = {8C999608-91A8-4A85-BCD8-975B65EEC5F4}
		{58B6753C-75DA-449A-97F9-3B26DA4B6FB5} = {58B6753C-75DA-449A-97F9-3B26DA4B6FB5}
		{3AA5DEA3-24EA-4B23-92E6-3D5905FA38C6} = {3AA5DEA3-24EA-4B23-92E6-3D5905FA38C6}
		{C9B950BB-F1B8-4274-B077-E07B16A16F1B} = {C9B950BB-F1B8-4274-B077-E07B16A16F1B}
		{3A1C94CD-CCBA-4F62-9AF1-919B10C582E3} = {3A1C94CD-CCBA-4F62-9AF1-919B10C582E3}
	EndProjectSection
EndProject
Project("{8BC9CEB8-8B4A-11D0-8D11-00A0C91BC942}") = "GateServer", "Server\gateserver\Proj\GateServer.vcxproj", "{80E5F823-EEE3-4E53-91FE-78891FD9AE8D}"
	ProjectSection(ProjectDependencies) = postProject
		{8C999608-91A8-4A85-BCD8-975B65EEC5F4} = {8C999608-91A8-4A85-BCD8-975B65EEC5F4}
		{58B6753C-75DA-449A-97F9-3B26DA4B6FB5} = {58B6753C-75DA-449A-97F9-3B26DA4B6FB5}
		{C8FF6997-B107-46E6-88E1-F804DABD9F77} = {C8FF6997-B107-46E6-88E1-F804DABD9F77}
		{C9B950BB-F1B8-4274-B077-E07B16A16F1B} = {C9B950BB-F1B8-4274-B077-E07B16A16F1B}
		{3A1C94CD-CCBA-4F62-9AF1-919B10C582E3} = {3A1C94CD-CCBA-4F62-9AF1-919B10C582E3}
	EndProjectSection
EndProject
Project("{8BC9CEB8-8B4A-11D0-8D11-00A0C91BC942}") = "GroupServer", "Server\groupserver\Proj\GroupServer.vcxproj", "{560A2170-006B-44B8-970D-718E84CAF750}"
	ProjectSection(ProjectDependencies) = postProject
		{8C999608-91A8-4A85-BCD8-975B65EEC5F4} = {8C999608-91A8-4A85-BCD8-975B65EEC5F4}
		{C9B950BB-F1B8-4274-B077-E07B16A16F1B} = {C9B950BB-F1B8-4274-B077-E07B16A16F1B}
		{3A1C94CD-CCBA-4F62-9AF1-919B10C582E3} = {3A1C94CD-CCBA-4F62-9AF1-919B10C582E3}
	EndProjectSection
EndProject
Project("{8BC9CEB8-8B4A-11D0-8D11-00A0C91BC942}") = "LIBDBC", "Common\Server\sdk\Proj\LIBDBC.vcxproj", "{C9B950BB-F1B8-4274-B077-E07B16A16F1B}"
EndProject
Project("{8BC9CEB8-8B4A-11D0-8D11-00A0C91BC942}") = "logutil", "Common\Util\src\logutil.vcxproj", "{8C999608-91A8-4A85-BCD8-975B65EEC5F4}"
EndProject
Project("{8BC9CEB8-8B4A-11D0-8D11-00A0C91BC942}") = "ICUHelper", "Common\ICUHelper\proj\ICUHelper.vcxproj", "{3A1C94CD-CCBA-4F62-9AF1-919B10C582E3}"
EndProject
Project("{8BC9CEB8-8B4A-11D0-8D11-00A0C91BC942}") = "InfoNet", "Common\InfoNet\proj\InfoNet.vcxproj", "{3AA5DEA3-24EA-4B23-92E6-3D5905FA38C6}"
EndProject
Project("{8BC9CEB8-8B4A-11D0-8D11-00A0C91BC942}") = "Status", "Common\Status\Proj\Status.vcxproj", "{1BDA542A-FAFB-4B7B-B7BD-3AD14BB78768}"
EndProject
Project("{8BC9CEB8-8B4A-11D0-8D11-00A0C91BC942}") = "EncLib", "Common\EncLib\proj\EncLib.vcxproj", "{C8FF6997-B107-46E6-88E1-F804DABD9F77}"
EndProject
Project("{8BC9CEB8-8B4A-11D0-8D11-00A0C91BC942}") = "Common", "Common\Common\Proj\Common.vcxproj", "{58B6753C-75DA-449A-97F9-3B26DA4B6FB5}"
EndProject
Project("{2150E333-8FDC-42A3-9474-1A3956D46DE8}") = "shared", "shared", "{2AE1B2AC-9F6E-478B-B56E-56F99D5CB93E}"
EndProject
Global
	GlobalSection(SolutionConfigurationPlatforms) = preSolution
		Debug Client|Win32 = Debug Client|Win32
		Debug|Win32 = Debug|Win32
		IOCP_Release|Win32 = IOCP_Release|Win32
		Release Client|Win32 = Release Client|Win32
		Release|Win32 = Release|Win32
	EndGlobalSection
	GlobalSection(ProjectConfigurationPlatforms) = postSolution
		{A2C79674-2511-4784-B82C-D75DE84C7FFE}.Debug Client|Win32.ActiveCfg = Debug|Win32
		{A2C79674-2511-4784-B82C-D75DE84C7FFE}.Debug Client|Win32.Build.0 = Debug|Win32
		{A2C79674-2511-4784-B82C-D75DE84C7FFE}.Debug|Win32.ActiveCfg = Debug|Win32
		{A2C79674-2511-4784-B82C-D75DE84C7FFE}.Debug|Win32.Build.0 = Debug|Win32
		{A2C79674-2511-4784-B82C-D75DE84C7FFE}.IOCP_Release|Win32.ActiveCfg = Release|Win32
		{A2C79674-2511-4784-B82C-D75DE84C7FFE}.IOCP_Release|Win32.Build.0 = Release|Win32
		{A2C79674-2511-4784-B82C-D75DE84C7FFE}.Release Client|Win32.ActiveCfg = Release|Win32
		{A2C79674-2511-4784-B82C-D75DE84C7FFE}.Release Client|Win32.Build.0 = Release|Win32
		{A2C79674-2511-4784-B82C-D75DE84C7FFE}.Release|Win32.ActiveCfg = Release|Win32
		{A2C79674-2511-4784-B82C-D75DE84C7FFE}.Release|Win32.Build.0 = Release|Win32
		{525C57F1-D1F3-4AD2-B31D-F63CEEBA8BA6}.Debug Client|Win32.ActiveCfg = Debug|Win32
		{525C57F1-D1F3-4AD2-B31D-F63CEEBA8BA6}.Debug Client|Win32.Build.0 = Debug|Win32
		{525C57F1-D1F3-4AD2-B31D-F63CEEBA8BA6}.Debug|Win32.ActiveCfg = Debug|Win32
		{525C57F1-D1F3-4AD2-B31D-F63CEEBA8BA6}.Debug|Win32.Build.0 = Debug|Win32
		{525C57F1-D1F3-4AD2-B31D-F63CEEBA8BA6}.IOCP_Release|Win32.ActiveCfg = IOCP_Release|Win32
		{525C57F1-D1F3-4AD2-B31D-F63CEEBA8BA6}.IOCP_Release|Win32.Build.0 = IOCP_Release|Win32
		{525C57F1-D1F3-4AD2-B31D-F63CEEBA8BA6}.Release Client|Win32.ActiveCfg = Release|Win32
		{525C57F1-D1F3-4AD2-B31D-F63CEEBA8BA6}.Release Client|Win32.Build.0 = Release|Win32
		{525C57F1-D1F3-4AD2-B31D-F63CEEBA8BA6}.Release|Win32.ActiveCfg = Release|Win32
		{525C57F1-D1F3-4AD2-B31D-F63CEEBA8BA6}.Release|Win32.Build.0 = Release|Win32
		{80E5F823-EEE3-4E53-91FE-78891FD9AE8D}.Debug Client|Win32.ActiveCfg = Debug|Win32
		{80E5F823-EEE3-4E53-91FE-78891FD9AE8D}.Debug Client|Win32.Build.0 = Debug|Win32
		{80E5F823-EEE3-4E53-91FE-78891FD9AE8D}.Debug|Win32.ActiveCfg = Debug|Win32
		{80E5F823-EEE3-4E53-91FE-78891FD9AE8D}.Debug|Win32.Build.0 = Debug|Win32
		{80E5F823-EEE3-4E53-91FE-78891FD9AE8D}.IOCP_Release|Win32.ActiveCfg = Release|Win32
		{80E5F823-EEE3-4E53-91FE-78891FD9AE8D}.IOCP_Release|Win32.Build.0 = Release|Win32
		{80E5F823-EEE3-4E53-91FE-78891FD9AE8D}.Release Client|Win32.ActiveCfg = Release|Win32
		{80E5F823-EEE3-4E53-91FE-78891FD9AE8D}.Release Client|Win32.Build.0 = Release|Win32
		{80E5F823-EEE3-4E53-91FE-78891FD9AE8D}.Release|Win32.ActiveCfg = Release|Win32
		{80E5F823-EEE3-4E53-91FE-78891FD9AE8D}.Release|Win32.Build.0 = Release|Win32
		{560A2170-006B-44B8-970D-718E84CAF750}.Debug Client|Win32.ActiveCfg = Debug|Win32
		{560A2170-006B-44B8-970D-718E84CAF750}.Debug Client|Win32.Build.0 = Debug|Win32
		{560A2170-006B-44B8-970D-718E84CAF750}.Debug|Win32.ActiveCfg = Debug|Win32
		{560A2170-006B-44B8-970D-718E84CAF750}.Debug|Win32.Build.0 = Debug|Win32
		{560A2170-006B-44B8-970D-718E84CAF750}.IOCP_Release|Win32.ActiveCfg = Release|Win32
		{560A2170-006B-44B8-970D-718E84CAF750}.IOCP_Release|Win32.Build.0 = Release|Win32
		{560A2170-006B-44B8-970D-718E84CAF750}.Release Client|Win32.ActiveCfg = Release|Win32
		{560A2170-006B-44B8-970D-718E84CAF750}.Release Client|Win32.Build.0 = Release|Win32
		{560A2170-006B-44B8-970D-718E84CAF750}.Release|Win32.ActiveCfg = Release|Win32
		{560A2170-006B-44B8-970D-718E84CAF750}.Release|Win32.Build.0 = Release|Win32
		{C9B950BB-F1B8-4274-B077-E07B16A16F1B}.Debug Client|Win32.ActiveCfg = Debug Client|Win32
		{C9B950BB-F1B8-4274-B077-E07B16A16F1B}.Debug Client|Win32.Build.0 = Debug Client|Win32
		{C9B950BB-F1B8-4274-B077-E07B16A16F1B}.Debug|Win32.ActiveCfg = Debug|Win32
		{C9B950BB-F1B8-4274-B077-E07B16A16F1B}.Debug|Win32.Build.0 = Debug|Win32
		{C9B950BB-F1B8-4274-B077-E07B16A16F1B}.IOCP_Release|Win32.ActiveCfg = Release|Win32
		{C9B950BB-F1B8-4274-B077-E07B16A16F1B}.IOCP_Release|Win32.Build.0 = Release|Win32
		{C9B950BB-F1B8-4274-B077-E07B16A16F1B}.Release Client|Win32.ActiveCfg = Release Client|Win32
		{C9B950BB-F1B8-4274-B077-E07B16A16F1B}.Release Client|Win32.Build.0 = Release Client|Win32
		{C9B950BB-F1B8-4274-B077-E07B16A16F1B}.Release|Win32.ActiveCfg = Release|Win32
		{C9B950BB-F1B8-4274-B077-E07B16A16F1B}.Release|Win32.Build.0 = Release|Win32
		{8C999608-91A8-4A85-BCD8-975B65EEC5F4}.Debug Client|Win32.ActiveCfg = Debug|Win32
		{8C999608-91A8-4A85-BCD8-975B65EEC5F4}.Debug Client|Win32.Build.0 = Debug|Win32
		{8C999608-91A8-4A85-BCD8-975B65EEC5F4}.Debug|Win32.ActiveCfg = Debug|Win32
		{8C999608-91A8-4A85-BCD8-975B65EEC5F4}.Debug|Win32.Build.0 = Debug|Win32
		{8C999608-91A8-4A85-BCD8-975B65EEC5F4}.IOCP_Release|Win32.ActiveCfg = Release|Win32
		{8C999608-91A8-4A85-BCD8-975B65EEC5F4}.IOCP_Release|Win32.Build.0 = Release|Win32
		{8C999608-91A8-4A85-BCD8-975B65EEC5F4}.Release Client|Win32.ActiveCfg = Release|Win32
		{8C999608-91A8-4A85-BCD8-975B65EEC5F4}.Release Client|Win32.Build.0 = Release|Win32
		{8C999608-91A8-4A85-BCD8-975B65EEC5F4}.Release|Win32.ActiveCfg = Release|Win32
		{8C999608-91A8-4A85-BCD8-975B65EEC5F4}.Release|Win32.Build.0 = Release|Win32
		{3A1C94CD-CCBA-4F62-9AF1-919B10C582E3}.Debug Client|Win32.ActiveCfg = Debug|Win32
		{3A1C94CD-CCBA-4F62-9AF1-919B10C582E3}.Debug Client|Win32.Build.0 = Debug|Win32
		{3A1C94CD-CCBA-4F62-9AF1-919B10C582E3}.Debug|Win32.ActiveCfg = Debug|Win32
		{3A1C94CD-CCBA-4F62-9AF1-919B10C582E3}.Debug|Win32.Build.0 = Debug|Win32
		{3A1C94CD-CCBA-4F62-9AF1-919B10C582E3}.IOCP_Release|Win32.ActiveCfg = Release|Win32
		{3A1C94CD-CCBA-4F62-9AF1-919B10C582E3}.IOCP_Release|Win32.Build.0 = Release|Win32
		{3A1C94CD-CCBA-4F62-9AF1-919B10C582E3}.Release Client|Win32.ActiveCfg = Release|Win32
		{3A1C94CD-CCBA-4F62-9AF1-919B10C582E3}.Release Client|Win32.Build.0 = Release|Win32
		{3A1C94CD-CCBA-4F62-9AF1-919B10C582E3}.Release|Win32.ActiveCfg = Release|Win32
		{3A1C94CD-CCBA-4F62-9AF1-919B10C582E3}.Release|Win32.Build.0 = Release|Win32
		{3AA5DEA3-24EA-4B23-92E6-3D5905FA38C6}.Debug Client|Win32.ActiveCfg = Debug|Win32
		{3AA5DEA3-24EA-4B23-92E6-3D5905FA38C6}.Debug Client|Win32.Build.0 = Debug|Win32
		{3AA5DEA3-24EA-4B23-92E6-3D5905FA38C6}.Debug|Win32.ActiveCfg = Debug|Win32
		{3AA5DEA3-24EA-4B23-92E6-3D5905FA38C6}.Debug|Win32.Build.0 = Debug|Win32
		{3AA5DEA3-24EA-4B23-92E6-3D5905FA38C6}.IOCP_Release|Win32.ActiveCfg = Release|Win32
		{3AA5DEA3-24EA-4B23-92E6-3D5905FA38C6}.IOCP_Release|Win32.Build.0 = Release|Win32
		{3AA5DEA3-24EA-4B23-92E6-3D5905FA38C6}.Release Client|Win32.ActiveCfg = Release|Win32
		{3AA5DEA3-24EA-4B23-92E6-3D5905FA38C6}.Release Client|Win32.Build.0 = Release|Win32
		{3AA5DEA3-24EA-4B23-92E6-3D5905FA38C6}.Release|Win32.ActiveCfg = Release|Win32
		{3AA5DEA3-24EA-4B23-92E6-3D5905FA38C6}.Release|Win32.Build.0 = Release|Win32
		{1BDA542A-FAFB-4B7B-B7BD-3AD14BB78768}.Debug Client|Win32.ActiveCfg = Debug|Win32
		{1BDA542A-FAFB-4B7B-B7BD-3AD14BB78768}.Debug Client|Win32.Build.0 = Debug|Win32
		{1BDA542A-FAFB-4B7B-B7BD-3AD14BB78768}.Debug|Win32.ActiveCfg = Debug|Win32
		{1BDA542A-FAFB-4B7B-B7BD-3AD14BB78768}.Debug|Win32.Build.0 = Debug|Win32
		{1BDA542A-FAFB-4B7B-B7BD-3AD14BB78768}.IOCP_Release|Win32.ActiveCfg = Release|Win32
		{1BDA542A-FAFB-4B7B-B7BD-3AD14BB78768}.IOCP_Release|Win32.Build.0 = Release|Win32
		{1BDA542A-FAFB-4B7B-B7BD-3AD14BB78768}.Release Client|Win32.ActiveCfg = Release|Win32
		{1BDA542A-FAFB-4B7B-B7BD-3AD14BB78768}.Release Client|Win32.Build.0 = Release|Win32
		{1BDA542A-FAFB-4B7B-B7BD-3AD14BB78768}.Release|Win32.ActiveCfg = Release|Win32
		{1BDA542A-FAFB-4B7B-B7BD-3AD14BB78768}.Release|Win32.Build.0 = Release|Win32
		{C8FF6997-B107-46E6-88E1-F804DABD9F77}.Debug Client|Win32.ActiveCfg = Debug|Win32
		{C8FF6997-B107-46E6-88E1-F804DABD9F77}.Debug Client|Win32.Build.0 = Debug|Win32
		{C8FF6997-B107-46E6-88E1-F804DABD9F77}.Debug|Win32.ActiveCfg = Debug|Win32
		{C8FF6997-B107-46E6-88E1-F804DABD9F77}.Debug|Win32.Build.0 = Debug|Win32
		{C8FF6997-B107-46E6-88E1-F804DABD9F77}.IOCP_Release|Win32.ActiveCfg = Release|Win32
		{C8FF6997-B107-46E6-88E1-F804DABD9F77}.IOCP_Release|Win32.Build.0 = Release|Win32
		{C8FF6997-B107-46E6-88E1-F804DABD9F77}.Release Client|Win32.ActiveCfg = Release|Win32
		{C8FF6997-B107-46E6-88E1-F804DABD9F77}.Release Client|Win32.Build.0 = Release|Win32
		{C8FF6997-B107-46E6-88E1-F804DABD9F77}.Release|Win32.ActiveCfg = Release|Win32
		{C8FF6997-B107-46E6-88E1-F804DABD9F77}.Release|Win32.Build.0 = Release|Win32
		{58B6753C-75DA-449A-97F9-3B26DA4B6FB5}.Debug Client|Win32.ActiveCfg = Debug|Win32
		{58B6753C-75DA-449A-97F9-3B26DA4B6FB5}.Debug Client|Win32.Build.0 = Debug|Win32
		{58B6753C-75DA-449A-97F9-3B26DA4B6FB5}.Debug|Win32.ActiveCfg = Debug|Win32
		{58B6753C-75DA-449A-97F9-3B26DA4B6FB5}.Debug|Win32.Build.0 = Debug|Win32
		{58B6753C-75DA-449A-97F9-3B26DA4B6FB5}.IOCP_Release|Win32.ActiveCfg = Release|Win32
		{58B6753C-75DA-449A-97F9-3B26DA4B6FB5}.IOCP_Release|Win32.Build.0 = Release|Win32
		{58B6753C-75DA-449A-97F9-3B26DA4B6FB5}.Release Client|Win32.ActiveCfg = Release|Win32
		{58B6753C-75DA-449A-97F9-3B26DA4B6FB5}.Release Client|Win32.Build.0 = Release|Win32
		{58B6753C-75DA-449A-97F9-3B26DA4B6FB5}.Release|Win32.ActiveCfg = Release|Win32
		{58B6753C-75DA-449A-97F9-3B26DA4B6FB5}.Release|Win32.Build.0 = Release|Win32
	EndGlobalSection
	GlobalSection(SolutionProperties) = preSolution
		HideSolutionNode = FALSE
	EndGlobalSection
	GlobalSection(NestedProjects) = preSolution
		{C9B950BB-F1B8-4274-B077-E07B16A16F1B} = {2AE1B2AC-9F6E-478B-B56E-56F99D5CB93E}
		{8C999608-91A8-4A85-BCD8-975B65EEC5F4} = {2AE1B2AC-9F6E-478B-B56E-56F99D5CB93E}
		{3A1C94CD-CCBA-4F62-9AF1-919B10C582E3} = {2AE1B2AC-9F6E-478B-B56E-56F99D5CB93E}
		{3AA5DEA3-24EA-4B23-92E6-3D5905FA38C6} = {2AE1B2AC-9F6E-478B-B56E-56F99D5CB93E}
		{1BDA542A-FAFB-4B7B-B7BD-3AD14BB78768} = {2AE1B2AC-9F6E-478B-B56E-56F99D5CB93E}
		{C8FF6997-B107-46E6-88E1-F804DABD9F77} = {2AE1B2AC-9F6E-478B-B56E-56F99D5CB93E}
		{58B6753C-75DA-449A-97F9-3B26DA4B6FB5} = {2AE1B2AC-9F6E-478B-B56E-56F99D5CB93E}
	EndGlobalSection
EndGlobal
